// !$*UTF8*$!
{
	archiveVersion = 1;
	classes = {
	};
	objectVersion = 77;
	objects = {

/* Begin PBXContainerItemProxy section */
		5397E4632E2C55CC001FC26A /* PBXContainerItemProxy */ = {
			isa = PBXContainerItemProxy;
			containerPortal = 5397E44A2E2C55CA001FC26A /* Project object */;
			proxyType = 1;
			remoteGlobalIDString = 5397E4512E2C55CA001FC26A;
			remoteInfo = Enaelle;
		};
		5397E46D2E2C55CC001FC26A /* PBXContainerItemProxy */ = {
			isa = PBXContainerItemProxy;
			containerPortal = 5397E44A2E2C55CA001FC26A /* Project object */;
			proxyType = 1;
			remoteGlobalIDString = 5397E4512E2C55CA001FC26A;
			remoteInfo = Enaelle;
		};
/* End PBXContainerItemProxy section */

/* Begin PBXFileReference section */
		5397E4522E2C55CA001FC26A /* Enaelle.app */ = {isa = PBXFileReference; explicitFileType = wrapper.application; includeInIndex = 0; path = Enaelle.app; sourceTree = BUILT_PRODUCTS_DIR; };
		5397E4622E2C55CC001FC26A /* EnaelleTests.xctest */ = {isa = PBXFileReference; explicitFileType = wrapper.cfbundle; includeInIndex = 0; path = EnaelleTests.xctest; sourceTree = BUILT_PRODUCTS_DIR; };
		5397E46C2E2C55CC001FC26A /* EnaelleUITests.xctest */ = {isa = PBXFileReference; explicitFileType = wrapper.cfbundle; includeInIndex = 0; path = EnaelleUITests.xctest; sourceTree = BUILT_PRODUCTS_DIR; };
/* End PBXFileReference section */

/* Begin PBXFileSystemSynchronizedRootGroup section */
		5397E4542E2C55CA001FC26A /* Enaelle */ = {
			isa = PBXFileSystemSynchronizedRootGroup;
			path = Enaelle;
			sourceTree = "<group>";
		};
		5397E4652E2C55CC001FC26A /* EnaelleTests */ = {
			isa = PBXFileSystemSynchronizedRootGroup;
			path = EnaelleTests;
			sourceTree = "<group>";
		};
		5397E46F2E2C55CC001FC26A /* EnaelleUITests */ = {
			isa = PBXFileSystemSynchronizedRootGroup;
			path = EnaelleUITests;
			sourceTree = "<group>";
		};
/* End PBXFileSystemSynchronizedRootGroup section */

/* Begin PBXFrameworksBuildPhase section */
		5397E44F2E2C55CA001FC26A /* Frameworks */ = {
			isa = PBXFrameworksBuildPhase;
			buildActionMask = 2147483647;
			files = (
			);
			runOnlyForDeploymentPostprocessing = 0;
		};
		5397E45F2E2C55CC001FC26A /* Frameworks */ = {
			isa = PBXFrameworksBuildPhase;
			buildActionMask = 2147483647;
			files = (
			);
			runOnlyForDeploymentPostprocessing = 0;
		};
		5397E4692E2C55CC001FC26A /* Frameworks */ = {
			isa = PBXFrameworksBuildPhase;
			buildActionMask = 2147483647;
			files = (
			);
			runOnlyForDeploymentPostprocessing = 0;
		};
/* End PBXFrameworksBuildPhase section */

/* Begin PBXGroup section */
		5397E4492E2C55CA001FC26A = {
			isa = PBXGroup;
			children = (
				5397E4542E2C55CA001FC26A /* Enaelle */,
				5397E4652E2C55CC001FC26A /* EnaelleTests */,
				5397E46F2E2C55CC001FC26A /* EnaelleUITests */,
				5397E4532E2C55CA001FC26A /* Products */,
			);
			sourceTree = "<group>";
		};
		5397E4532E2C55CA001FC26A /* Products */ = {
			isa = PBXGroup;
			children = (
				5397E4522E2C55CA001FC26A /* Enaelle.app */,
				5397E4622E2C55CC001FC26A /* EnaelleTests.xctest */,
				5397E46C2E2C55CC001FC26A /* EnaelleUITests.xctest */,
			);
			name = Products;
			sourceTree = "<group>";
		};
/* End PBXGroup section */

/* Begin PBXNativeTarget section */
		5397E4512E2C55CA001FC26A /* Enaelle */ = {
			isa = PBXNativeTarget;
			buildConfigurationList = 5397E4762E2C55CC001FC26A /* Build configuration list for PBXNativeTarget "Enaelle" */;
			buildPhases = (
				5397E44E2E2C55CA001FC26A /* Sources */,
				5397E44F2E2C55CA001FC26A /* Frameworks */,
				5397E4502E2C55CA001FC26A /* Resources */,
			);
			buildRules = (
			);
			dependencies = (
			);
			fileSystemSynchronizedGroups = (
				5397E4542E2C55CA001FC26A /* Enaelle */,
			);
			name = Enaelle;
			packageProductDependencies = (
			);
			productName = Enaelle;
			productReference = 5397E4522E2C55CA001FC26A /* Enaelle.app */;
			productType = "com.apple.product-type.application";
		};
		5397E4612E2C55CC001FC26A /* EnaelleTests */ = {
			isa = PBXNativeTarget;
			buildConfigurationList = 5397E4792E2C55CC001FC26A /* Build configuration list for PBXNativeTarget "EnaelleTests" */;
			buildPhases = (
				5397E45E2E2C55CC001FC26A /* Sources */,
				5397E45F2E2C55CC001FC26A /* Frameworks */,
				5397E4602E2C55CC001FC26A /* Resources */,
			);
			buildRules = (
			);
			dependencies = (
				5397E4642E2C55CC001FC26A /* PBXTargetDependency */,
			);
			fileSystemSynchronizedGroups = (
				5397E4652E2C55CC001FC26A /* EnaelleTests */,
			);
			name = EnaelleTests;
			packageProductDependencies = (
			);
			productName = EnaelleTests;
			productReference = 5397E4622E2C55CC001FC26A /* EnaelleTests.xctest */;
			productType = "com.apple.product-type.bundle.unit-test";
		};
		5397E46B2E2C55CC001FC26A /* EnaelleUITests */ = {
			isa = PBXNativeTarget;
			buildConfigurationList = 5397E47C2E2C55CC001FC26A /* Build configuration list for PBXNativeTarget "EnaelleUITests" */;
			buildPhases = (
				5397E4682E2C55CC001FC26A /* Sources */,
				5397E4692E2C55CC001FC26A /* Frameworks */,
				5397E46A2E2C55CC001FC26A /* Resources */,
			);
			buildRules = (
			);
			dependencies = (
				5397E46E2E2C55CC001FC26A /* PBXTargetDependency */,
			);
			fileSystemSynchronizedGroups = (
				5397E46F2E2C55CC001FC26A /* EnaelleUITests */,
			);
			name = EnaelleUITests;
			packageProductDependencies = (
			);
			productName = EnaelleUITests;
			productReference = 5397E46C2E2C55CC001FC26A /* EnaelleUITests.xctest */;
			productType = "com.apple.product-type.bundle.ui-testing";
		};
/* End PBXNativeTarget section */

/* Begin PBXProject section */
		5397E44A2E2C55CA001FC26A /* Project object */ = {
			isa = PBXProject;
			attributes = {
				BuildIndependentTargetsInParallel = 1;
				LastSwiftUpdateCheck = 1600;
				LastUpgradeCheck = 1600;
				TargetAttributes = {
					5397E4512E2C55CA001FC26A = {
						CreatedOnToolsVersion = 16.0;
					};
					5397E4612E2C55CC001FC26A = {
						CreatedOnToolsVersion = 16.0;
						TestTargetID = 5397E4512E2C55CA001FC26A;
					};
					5397E46B2E2C55CC001FC26A = {
						CreatedOnToolsVersion = 16.0;
						TestTargetID = 5397E4512E2C55CA001FC26A;
					};
				};
			};
			buildConfigurationList = 5397E44D2E2C55CA001FC26A /* Build configuration list for PBXProject "Enaelle" */;
			developmentRegion = en;
			hasScannedForEncodings = 0;
			knownRegions = (
				en,
				Base,
			);
			mainGroup = 5397E4492E2C55CA001FC26A;
			minimizedProjectReferenceProxies = 1;
			preferredProjectObjectVersion = 77;
			productRefGroup = 5397E4532E2C55CA001FC26A /* Products */;
			projectDirPath = "";
			projectRoot = "";
			targets = (
				5397E4512E2C55CA001FC26A /* Enaelle */,
				5397E4612E2C55CC001FC26A /* EnaelleTests */,
				5397E46B2E2C55CC001FC26A /* EnaelleUITests */,
			);
		};
/* End PBXProject section */

/* Begin PBXResourcesBuildPhase section */
		5397E4502E2C55CA001FC26A /* Resources */ = {
			isa = PBXResourcesBuildPhase;
			buildActionMask = 2147483647;
			files = (
			);
			runOnlyForDeploymentPostprocessing = 0;
		};
		5397E4602E2C55CC001FC26A /* Resources */ = {
			isa = PBXResourcesBuildPhase;
			buildActionMask = 2147483647;
			files = (
			);
			runOnlyForDeploymentPostprocessing = 0;
		};
		5397E46A2E2C55CC001FC26A /* Resources */ = {
			isa = PBXResourcesBuildPhase;
			buildActionMask = 2147483647;
			files = (
			);
			runOnlyForDeploymentPostprocessing = 0;
		};
/* End PBXResourcesBuildPhase section */

/* Begin PBXSourcesBuildPhase section */
		5397E44E2E2C55CA001FC26A /* Sources */ = {
			isa = PBXSourcesBuildPhase;
			buildActionMask = 2147483647;
			files = (
			);
			runOnlyForDeploymentPostprocessing = 0;
		};
		5397E45E2E2C55CC001FC26A /* Sources */ = {
			isa = PBXSourcesBuildPhase;
			buildActionMask = 2147483647;
			files = (
			);
			runOnlyForDeploymentPostprocessing = 0;
		};
		5397E4682E2C55CC001FC26A /* Sources */ = {
			isa = PBXSourcesBuildPhase;
			buildActionMask = 2147483647;
			files = (
			);
			runOnlyForDeploymentPostprocessing = 0;
		};
/* End PBXSourcesBuildPhase section */

/* Begin PBXTargetDependency section */
		5397E4642E2C55CC001FC26A /* PBXTargetDependency */ = {
			isa = PBXTargetDependency;
			target = 5397E4512E2C55CA001FC26A /* Enaelle */;
			targetProxy = 5397E4632E2C55CC001FC26A /* PBXContainerItemProxy */;
		};
		5397E46E2E2C55CC001FC26A /* PBXTargetDependency */ = {
			isa = PBXTargetDependency;
			target = 5397E4512E2C55CA001FC26A /* Enaelle */;
			targetProxy = 5397E46D2E2C55CC001FC26A /* PBXContainerItemProxy */;
		};
/* End PBXTargetDependency section */

/* Begin XCBuildConfiguration section */
		5397E4742E2C55CC001FC26A /* Debug */ = {
			isa = XCBuildConfiguration;
			buildSettings = {
				ALWAYS_SEARCH_USER_PATHS = NO;
				ASSETCATALOG_COMPILER_GENERATE_SWIFT_ASSET_SYMBOL_EXTENSIONS = YES;
				CLANG_ANALYZER_NONNULL = YES;
				CLANG_ANALYZER_NUMBER_OBJECT_CONVERSION = YES_AGGRESSIVE;
				CLANG_CXX_LANGUAGE_STANDARD = "gnu++20";
				CLANG_ENABLE_MODULES = YES;
				CLANG_ENABLE_OBJC_ARC = YES;
				CLANG_ENABLE_OBJC_WEAK = YES;
				CLANG_WARN_BLOCK_CAPTURE_AUTORELEASING = YES;
				CLANG_WARN_BOOL_CONVERSION = YES;
				CLANG_WARN_COMMA = YES;
				CLANG_WARN_CONSTANT_CONVERSION = YES;
				CLANG_WARN_DEPRECATED_OBJC_IMPLEMENTATIONS = YES;
				CLANG_WARN_DIRECT_OBJC_ISA_USAGE = YES_ERROR;
				CLANG_WARN_DOCUMENTATION_COMMENTS = YES;
				CLANG_WARN_EMPTY_BODY = YES;
				CLANG_WARN_ENUM_CONVERSION = YES;
				CLANG_WARN_INFINITE_RECURSION = YES;
				CLANG_WARN_INT_CONVERSION = YES;
				CLANG_WARN_NON_LITERAL_NULL_CONVERSION = YES;
				CLANG_WARN_OBJC_IMPLICIT_RETAIN_SELF = YES;
				CLANG_WARN_OBJC_LITERAL_CONVERSION = YES;
				CLANG_WARN_OBJC_ROOT_CLASS = YES_ERROR;
				CLANG_WARN_QUOTED_INCLUDE_IN_FRAMEWORK_HEADER = YES;
				CLANG_WARN_RANGE_LOOP_ANALYSIS = YES;
				CLANG_WARN_STRICT_PROTOTYPES = YES;
				CLANG_WARN_SUSPICIOUS_MOVE = YES;
				CLANG_WARN_UNGUARDED_AVAILABILITY = YES_AGGRESSIVE;
				CLANG_WARN_UNREACHABLE_CODE = YES;
				CLANG_WARN__DUPLICATE_METHOD_MATCH = YES;
				COPY_PHASE_STRIP = NO;
				DEBUG_INFORMATION_FORMAT = dwarf;
				ENABLE_STRICT_OBJC_MSGSEND = YES;
				ENABLE_TESTABILITY = YES;
				ENABLE_USER_SCRIPT_SANDBOXING = YES;
				GCC_C_LANGUAGE_STANDARD = gnu17;
				GCC_DYNAMIC_NO_PIC = NO;
				GCC_NO_COMMON_BLOCKS = YES;
				GCC_OPTIMIZATION_LEVEL = 0;
				GCC_PREPROCESSOR_DEFINITIONS = (
					"DEBUG=1",
					"$(inherited)",
				);
				GCC_WARN_64_TO_32_BIT_CONVERSION = YES;
				GCC_WARN_ABOUT_RETURN_TYPE = YES_ERROR;
				GCC_WARN_UNDECLARED_SELECTOR = YES;
				GCC_WARN_UNINITIALIZED_AUTOS = YES_AGGRESSIVE;
				GCC_WARN_UNUSED_FUNCTION = YES;
				GCC_WARN_UNUSED_VARIABLE = YES;
				IPHONEOS_DEPLOYMENT_TARGET = 18.0;
				LOCALIZATION_PREFERS_STRING_CATALOGS = YES;
				MTL_ENABLE_DEBUG_INFO = INCLUDE_SOURCE;
				MTL_FAST_MATH = YES;
				ONLY_ACTIVE_ARCH = YES;
				SDKROOT = iphoneos;
				SWIFT_ACTIVE_COMPILATION_CONDITIONS = "DEBUG $(inherited)";
				SWIFT_OPTIMIZATION_LEVEL = "-Onone";
			};
			name = Debug;
		};
		5397E4752E2C55CC001FC26A /* Release */ = {
			isa = XCBuildConfiguration;
			buildSettings = {
				ALWAYS_SEARCH_USER_PATHS = NO;
				ASSETCATALOG_COMPILER_GENERATE_SWIFT_ASSET_SYMBOL_EXTENSIONS = YES;
				CLANG_ANALYZER_NONNULL = YES;
				CLANG_ANALYZER_NUMBER_OBJECT_CONVERSION = YES_AGGRESSIVE;
				CLANG_CXX_LANGUAGE_STANDARD = "gnu++20";
				CLANG_ENABLE_MODULES = YES;
				CLANG_ENABLE_OBJC_ARC = YES;
				CLANG_ENABLE_OBJC_WEAK = YES;
				CLANG_WARN_BLOCK_CAPTURE_AUTORELEASING = YES;
				CLANG_WARN_BOOL_CONVERSION = YES;
				CLANG_WARN_COMMA = YES;
				CLANG_WARN_CONSTANT_CONVERSION = YES;
				CLANG_WARN_DEPRECATED_OBJC_IMPLEMENTATIONS = YES;
				CLANG_WARN_DIRECT_OBJC_ISA_USAGE = YES_ERROR;
				CLANG_WARN_DOCUMENTATION_COMMENTS = YES;
				CLANG_WARN_EMPTY_BODY = YES;
				CLANG_WARN_ENUM_CONVERSION = YES;
				CLANG_WARN_INFINITE_RECURSION = YES;
				CLANG_WARN_INT_CONVERSION = YES;
				CLANG_WARN_NON_LITERAL_NULL_CONVERSION = YES;
				CLANG_WARN_OBJC_IMPLICIT_RETAIN_SELF = YES;
				CLANG_WARN_OBJC_LITERAL_CONVERSION = YES;
				CLANG_WARN_OBJC_ROOT_CLASS = YES_ERROR;
				CLANG_WARN_QUOTED_INCLUDE_IN_FRAMEWORK_HEADER = YES;
				CLANG_WARN_RANGE_LOOP_ANALYSIS = YES;
				CLANG_WARN_STRICT_PROTOTYPES = YES;
				CLANG_WARN_SUSPICIOUS_MOVE = YES;
				CLANG_WARN_UNGUARDED_AVAILABILITY = YES_AGGRESSIVE;
				CLANG_WARN_UNREACHABLE_CODE = YES;
				CLANG_WARN__DUPLICATE_METHOD_MATCH = YES;
				COPY_PHASE_STRIP = NO;
				DEBUG_INFORMATION_FORMAT = "dwarf-with-dsym";
				ENABLE_NS_ASSERTIONS = NO;
				ENABLE_STRICT_OBJC_MSGSEND = YES;
				ENABLE_USER_SCRIPT_SANDBOXING = YES;
				GCC_C_LANGUAGE_STANDARD = gnu17;
				GCC_NO_COMMON_BLOCKS = YES;
				GCC_WARN_64_TO_32_BIT_CONVERSION = YES;
				GCC_WARN_ABOUT_RETURN_TYPE = YES_ERROR;
				GCC_WARN_UNDECLARED_SELECTOR = YES;
				GCC_WARN_UNINITIALIZED_AUTOS = YES_AGGRESSIVE;
				GCC_WARN_UNUSED_FUNCTION = YES;
				GCC_WARN_UNUSED_VARIABLE = YES;
				IPHONEOS_DEPLOYMENT_TARGET = 18.0;
				LOCALIZATION_PREFERS_STRING_CATALOGS = YES;
				MTL_ENABLE_DEBUG_INFO = NO;
				MTL_FAST_MATH = YES;
				SDKROOT = iphoneos;
				SWIFT_COMPILATION_MODE = wholemodule;
				VALIDATE_PRODUCT = YES;
			};
			name = Release;
		};
		5397E4772E2C55CC001FC26A /* Debug */ = {
			isa = XCBuildConfiguration;
			buildSettings = {
				ASSETCATALOG_COMPILER_APPICON_NAME = AppIcon;
				ASSETCATALOG_COMPILER_GLOBAL_ACCENT_COLOR_NAME = AccentColor;
				CODE_SIGN_STYLE = Automatic;
				CURRENT_PROJECT_VERSION = 1;
				DEVELOPMENT_ASSET_PATHS = "\"Enaelle/Preview Content\"";
				DEVELOPMENT_TEAM = YDSZBZ3PV2;
				ENABLE_PREVIEWS = YES;
				GENERATE_INFOPLIST_FILE = YES;
				INFOPLIST_KEY_UIApplicationSceneManifest_Generation = YES;
				INFOPLIST_KEY_UIApplicationSupportsIndirectInputEvents = YES;
				INFOPLIST_KEY_UILaunchScreen_Generation = YES;
				INFOPLIST_KEY_UISupportedInterfaceOrientations_iPad = "UIInterfaceOrientationPortrait UIInterfaceOrientationPortraitUpsideDown UIInterfaceOrientationLandscapeLeft UIInterfaceOrientationLandscapeRight";
				INFOPLIST_KEY_UISupportedInterfaceOrientations_iPhone = "UIInterfaceOrientationPortrait UIInterfaceOrientationLandscapeLeft UIInterfaceOrientationLandscapeRight";
				LD_RUNPATH_SEARCH_PATHS = (
					"$(inherited)",
					"@executable_path/Frameworks",
				);
				MARKETING_VERSION = 1.0;
				PRODUCT_BUNDLE_IDENTIFIER = Emakia.Enaelle;
				PRODUCT_NAME = "$(TARGET_NAME)";
				SWIFT_EMIT_LOC_STRINGS = YES;
				SWIFT_VERSION = 5.0;
				TARGETED_DEVICE_FAMILY = "1,2";
			};
			name = Debug;
		};
		5397E4782E2C55CC001FC26A /* Release */ = {
			isa = XCBuildConfiguration;
			buildSettings = {
				ASSETCATALOG_COMPILER_APPICON_NAME = AppIcon;
				ASSETCATALOG_COMPILER_GLOBAL_ACCENT_COLOR_NAME = AccentColor;
				CODE_SIGN_STYLE = Automatic;
				CURRENT_PROJECT_VERSION = 1;
				DEVELOPMENT_ASSET_PATHS = "\"Enaelle/Preview Content\"";
				DEVELOPMENT_TEAM = YDSZBZ3PV2;
				ENABLE_PREVIEWS = YES;
				GENERATE_INFOPLIST_FILE = YES;
				INFOPLIST_KEY_UIApplicationSceneManifest_Generation = YES;
				INFOPLIST_KEY_UIApplicationSupportsIndirectInputEvents = YES;
				INFOPLIST_KEY_UILaunchScreen_Generation = YES;
				INFOPLIST_KEY_UISupportedInterfaceOrientations_iPad = "UIInterfaceOrientationPortrait UIInterfaceOrientationPortraitUpsideDown UIInterfaceOrientationLandscapeLeft UIInterfaceOrientationLandscapeRight";
				INFOPLIST_KEY_UISupportedInterfaceOrientations_iPhone = "UIInterfaceOrientationPortrait UIInterfaceOrientationLandscapeLeft UIInterfaceOrientationLandscapeRight";
				LD_RUNPATH_SEARCH_PATHS = (
					"$(inherited)",
					"@executable_path/Frameworks",
				);
				MARKETING_VERSION = 1.0;
				PRODUCT_BUNDLE_IDENTIFIER = Emakia.Enaelle;
				PRODUCT_NAME = "$(TARGET_NAME)";
				SWIFT_EMIT_LOC_STRINGS = YES;
				SWIFT_VERSION = 5.0;
				TARGETED_DEVICE_FAMILY = "1,2";
			};
			name = Release;
		};
		5397E47A2E2C55CC001FC26A /* Debug */ = {
			isa = XCBuildConfiguration;
			buildSettings = {
				BUNDLE_LOADER = "$(TEST_HOST)";
				CODE_SIGN_STYLE = Automatic;
				CURRENT_PROJECT_VERSION = 1;
				GENERATE_INFOPLIST_FILE = YES;
				IPHONEOS_DEPLOYMENT_TARGET = 18.0;
				MARKETING_VERSION = 1.0;
				PRODUCT_BUNDLE_IDENTIFIER = Emakia.EnaelleTests;
				PRODUCT_NAME = "$(TARGET_NAME)";
				SWIFT_EMIT_LOC_STRINGS = NO;
				SWIFT_VERSION = 5.0;
				TARGETED_DEVICE_FAMILY = "1,2";
				TEST_HOST = "$(BUILT_PRODUCTS_DIR)/Enaelle.app/$(BUNDLE_EXECUTABLE_FOLDER_PATH)/Enaelle";
			};
			name = Debug;
		};
		5397E47B2E2C55CC001FC26A /* Release */ = {
			isa = XCBuildConfiguration;
			buildSettings = {
				BUNDLE_LOADER = "$(TEST_HOST)";
				CODE_SIGN_STYLE = Automatic;
				CURRENT_PROJECT_VERSION = 1;
				GENERATE_INFOPLIST_FILE = YES;
				IPHONEOS_DEPLOYMENT_TARGET = 18.0;
				MARKETING_VERSION = 1.0;
				PRODUCT_BUNDLE_IDENTIFIER = Emakia.EnaelleTests;
				PRODUCT_NAME = "$(TARGET_NAME)";
				SWIFT_EMIT_LOC_STRINGS = NO;
				SWIFT_VERSION = 5.0;
				TARGETED_DEVICE_FAMILY = "1,2";
				TEST_HOST = "$(BUILT_PRODUCTS_DIR)/Enaelle.app/$(BUNDLE_EXECUTABLE_FOLDER_PATH)/Enaelle";
			};
			name = Release;
		};
		5397E47D2E2C55CC001FC26A /* Debug */ = {
			isa = XCBuildConfiguration;
			buildSettings = {
				CODE_SIGN_STYLE = Automatic;
				CURRENT_PROJECT_VERSION = 1;
				GENERATE_INFOPLIST_FILE = YES;
				MARKETING_VERSION = 1.0;
				PRODUCT_BUNDLE_IDENTIFIER = Emakia.EnaelleUITests;
				PRODUCT_NAME = "$(TARGET_NAME)";
				SWIFT_EMIT_LOC_STRINGS = NO;
				SWIFT_VERSION = 5.0;
				TARGETED_DEVICE_FAMILY = "1,2";
				TEST_TARGET_NAME = Enaelle;
			};
			name = Debug;
		};
		5397E47E2E2C55CC001FC26A /* Release */ = {
			isa = XCBuildConfiguration;
			buildSettings = {
				CODE_SIGN_STYLE = Automatic;
				CURRENT_PROJECT_VERSION = 1;
				GENERATE_INFOPLIST_FILE = YES;
				MARKETING_VERSION = 1.0;
				PRODUCT_BUNDLE_IDENTIFIER = Emakia.EnaelleUITests;
				PRODUCT_NAME = "$(TARGET_NAME)";
				SWIFT_EMIT_LOC_STRINGS = NO;
				SWIFT_VERSION = 5.0;
				TARGETED_DEVICE_FAMILY = "1,2";
				TEST_TARGET_NAME = Enaelle;
			};
			name = Release;
		};
/* End XCBuildConfiguration section */

/* Begin XCConfigurationList section */
		5397E44D2E2C55CA001FC26A /* Build configuration list for PBXProject "Enaelle" */ = {
			isa = XCConfigurationList;
			buildConfigurations = (
				5397E4742E2C55CC001FC26A /* Debug */,
				5397E4752E2C55CC001FC26A /* Release */,
			);
			defaultConfigurationIsVisible = 0;
			defaultConfigurationName = Release;
		};
		5397E4762E2C55CC001FC26A /* Build configuration list for PBXNativeTarget "Enaelle" */ = {
			isa = XCConfigurationList;
			buildConfigurations = (
				5397E4772E2C55CC001FC26A /* Debug */,
				5397E4782E2C55CC001FC26A /* Release */,
			);
			defaultConfigurationIsVisible = 0;
			defaultConfigurationName = Release;
		};
		5397E4792E2C55CC001FC26A /* Build configuration list for PBXNativeTarget "EnaelleTests" */ = {
			isa = XCConfigurationList;
			buildConfigurations = (
				5397E47A2E2C55CC001FC26A /* Debug */,
				5397E47B2E2C55CC001FC26A /* Release */,
			);
			defaultConfigurationIsVisible = 0;
			defaultConfigurationName = Release;
		};
		5397E47C2E2C55CC001FC26A /* Build configuration list for PBXNativeTarget "EnaelleUITests" */ = {
			isa = XCConfigurationList;
			buildConfigurations = (
				5397E47D2E2C55CC001FC26A /* Debug */,
				5397E47E2E2C55CC001FC26A /* Release */,
			);
			defaultConfigurationIsVisible = 0;
			defaultConfigurationName = Release;
		};
/* End XCConfigurationList section */
	};
	rootObject = 5397E44A2E2C55CA001FC26A /* Project object */;
}
